{
  "version": 4,
  "terraform_version": "1.5.5",
  "serial": 15,
  "lineage": "aa286ce3-b137-844f-7724-ef61f9520339",
  "outputs": {},
  "resources": [
    {
      "mode": "managed",
      "type": "databricks_cluster",
      "name": "demo_cluster",
      "provider": "provider[\"registry.terraform.io/databricks/databricks\"]",
      "instances": [
        {
          "schema_version": 4,
          "attributes": {
            "apply_policy_default_values": null,
            "autoscale": [
              {
                "max_workers": 10,
                "min_workers": 2
              }
            ],
            "autotermination_minutes": 10,
            "aws_attributes": [],
            "azure_attributes": [
              {
                "availability": "ON_DEMAND_AZURE",
                "first_on_demand": 1,
                "log_analytics_info": [],
                "spot_bid_max_price": -1
              }
            ],
            "cluster_id": "0213-120810-3j24p3vj",
            "cluster_log_conf": [],
            "cluster_mount_info": [],
            "cluster_name": "Advisory Shared Cluster",
            "custom_tags": null,
            "data_security_mode": "USER_ISOLATION",
            "default_tags": {
              "ApplicationName": "Advisory Data Analytics",
              "Approver": "fran.grainger-leigh@bdo.co.uk",
              "BusinessUnit": "Advisory",
              "ClusterId": "0213-120810-3j24p3vj",
              "ClusterName": "Advisory Shared Cluster",
              "CostCentre": "CADLON",
              "Creator": "a-chiadiukwu@bdo.co.uk",
              "Environment": "Development",
              "Owner": "itoperationsteam@bdo.co.uk",
              "SupportTeam": "itoperationsteam@bdo.co.uk",
              "Vendor": "Databricks"
            },
            "docker_image": [],
            "driver_instance_pool_id": null,
            "driver_node_type_id": "Standard_DS3_v2",
            "enable_elastic_disk": true,
            "enable_local_disk_encryption": false,
            "gcp_attributes": [],
            "id": "0213-120810-3j24p3vj",
            "idempotency_token": null,
            "init_scripts": [],
            "instance_pool_id": null,
            "is_pinned": false,
            "is_single_node": false,
            "kind": null,
            "library": [],
            "no_wait": true,
            "node_type_id": "Standard_DS3_v2",
            "num_workers": 0,
            "policy_id": null,
            "runtime_engine": null,
            "single_user_name": null,
            "spark_conf": {
              "spark.hadoop.fs.azure.account.oauth2.client.endpoint.$var.adls_name.dfs.core.windows.net": "https://login.microsoftonline.com/ffd682b2-afb6-4bb2-9c9f-573a10bf18be/oauth2/token spark.hadoop.fs.azure.account.oauth2.client.secret.daz1advdaiadls01.dfs.core.windows.net  {{secrets/BlobStorage/ADLS_SPN}} spark.hadoop.fs.azure.account.oauth2.client.id.daz1advdaiadls01.dfs.core.windows.net 60245495-9fc5-44c2-ab1d-fa3fb5646955"
            },
            "spark_env_vars": {},
            "spark_version": "15.4.x-scala2.12",
            "ssh_public_keys": null,
            "state": "TERMINATED",
            "timeouts": null,
            "url": "https://adb-4988640280383775.15.azuredatabricks.net/#setting/clusters/0213-120810-3j24p3vj/configuration",
            "use_ml_runtime": false,
            "workload_type": []
          },
          "sensitive_attributes": [],
          "private": "eyJlMmJmYjczMC1lY2FhLTExZTYtOGY4OC0zNDM2M2JjN2M0YzAiOnsiY3JlYXRlIjoxODAwMDAwMDAwMDAwLCJkZWxldGUiOjE4MDAwMDAwMDAwMDAsInVwZGF0ZSI6MTgwMDAwMDAwMDAwMH0sInNjaGVtYV92ZXJzaW9uIjoiNCJ9"
        }
      ]
    }
  ],
  "check_results": null
}
